// !$*UTF8*$!
{
	archiveVersion = 1;
	classes = {
	};
	objectVersion = 56;
	objects = {

/* Begin PBXBuildFile section */
		9752F03029D17F80003DF523 /* TileRowView.swift in Sources */ = {isa = PBXBuildFile; fileRef = 9752F02F29D17F80003DF523 /* TileRowView.swift */; };
		9752F03329D1869B003DF523 /* CityModel.swift in Sources */ = {isa = PBXBuildFile; fileRef = 9752F03229D1869B003DF523 /* CityModel.swift */; };
		9752F09E29D1890A003DF523 /* TileType.swift in Sources */ = {isa = PBXBuildFile; fileRef = 9752F09D29D1890A003DF523 /* TileType.swift */; };
		9752F0A029D18A18003DF523 /* TestImagesView.swift in Sources */ = {isa = PBXBuildFile; fileRef = 9752F09F29D18A18003DF523 /* TestImagesView.swift */; };
		9752F0A329D1B8ED003DF523 /* frames.yaml in Resources */ = {isa = PBXBuildFile; fileRef = 9752F0A129D1B8ED003DF523 /* frames.yaml */; };
		9752F0A429D1B8ED003DF523 /* tiles.yaml in Resources */ = {isa = PBXBuildFile; fileRef = 9752F0A229D1B8ED003DF523 /* tiles.yaml */; };
		9752F0A829D1C112003DF523 /* MapGridView.swift in Sources */ = {isa = PBXBuildFile; fileRef = 9752F0A729D1C112003DF523 /* MapGridView.swift */; };
		9752F0AA29D1C7F3003DF523 /* TileCellView.swift in Sources */ = {isa = PBXBuildFile; fileRef = 9752F0A929D1C7F3003DF523 /* TileCellView.swift */; };
		9752F0AD29D1EC2F003DF523 /* TileListView.swift in Sources */ = {isa = PBXBuildFile; fileRef = 9752F0AC29D1EC2F003DF523 /* TileListView.swift */; };
		9778543429D311B3008EC773 /* LayeredMapCell.swift in Sources */ = {isa = PBXBuildFile; fileRef = 9778543329D311B3008EC773 /* LayeredMapCell.swift */; };
		9778543629D35011008EC773 /* MQTT.swift in Sources */ = {isa = PBXBuildFile; fileRef = 9778543529D35011008EC773 /* MQTT.swift */; };
		9778543929D350C0008EC773 /* MQTTNIO in Frameworks */ = {isa = PBXBuildFile; productRef = 9778543829D350C0008EC773 /* MQTTNIO */; };
		9778543C29D36889008EC773 /* PlanService.swift in Sources */ = {isa = PBXBuildFile; fileRef = 9778543B29D36889008EC773 /* PlanService.swift */; };
		978729BE29D38A5A00DCECB1 /* ConstructionCell.swift in Sources */ = {isa = PBXBuildFile; fileRef = 978729BC29D38A5A00DCECB1 /* ConstructionCell.swift */; };
		978729BF29D38A5A00DCECB1 /* ConstructionLayer.swift in Sources */ = {isa = PBXBuildFile; fileRef = 978729BD29D38A5A00DCECB1 /* ConstructionLayer.swift */; };
		978729C129D4307E00DCECB1 /* CityModel+Helpers.swift in Sources */ = {isa = PBXBuildFile; fileRef = 978729C029D4307E00DCECB1 /* CityModel+Helpers.swift */; };
		978729C329D4326400DCECB1 /* StatusVehicle.swift in Sources */ = {isa = PBXBuildFile; fileRef = 978729C229D4326400DCECB1 /* StatusVehicle.swift */; };
		978729C529D4CB9200DCECB1 /* DuckieModel.swift in Sources */ = {isa = PBXBuildFile; fileRef = 978729C429D4CB9200DCECB1 /* DuckieModel.swift */; };
		978729C729D4D18400DCECB1 /* DuckieMapView.swift in Sources */ = {isa = PBXBuildFile; fileRef = 978729C629D4D18400DCECB1 /* DuckieMapView.swift */; };
		978729C929D56BDB00DCECB1 /* StatusConstructionSite.swift in Sources */ = {isa = PBXBuildFile; fileRef = 978729C829D56BDB00DCECB1 /* StatusConstructionSite.swift */; };
		978729CB29D57EC500DCECB1 /* AddCellPopupView.swift in Sources */ = {isa = PBXBuildFile; fileRef = 978729CA29D57EC500DCECB1 /* AddCellPopupView.swift */; };
		978729CD29D5806300DCECB1 /* AddConstructionPopupView.swift in Sources */ = {isa = PBXBuildFile; fileRef = 978729CC29D5806300DCECB1 /* AddConstructionPopupView.swift */; };
		978729CF29D580BC00DCECB1 /* AddServicePopupView.swift in Sources */ = {isa = PBXBuildFile; fileRef = 978729CE29D580BC00DCECB1 /* AddServicePopupView.swift */; };
		978729D129D5A94B00DCECB1 /* AddConstructionNextPopupView.swift in Sources */ = {isa = PBXBuildFile; fileRef = 978729D029D5A94B00DCECB1 /* AddConstructionNextPopupView.swift */; };
		978729D529D5C7EA00DCECB1 /* MapPresentationGridView.swift in Sources */ = {isa = PBXBuildFile; fileRef = 978729D429D5C7EA00DCECB1 /* MapPresentationGridView.swift */; };
		978729D729D5C8E200DCECB1 /* DuckiePresentationMapView.swift in Sources */ = {isa = PBXBuildFile; fileRef = 978729D629D5C8E200DCECB1 /* DuckiePresentationMapView.swift */; };
		978729DE29D61B9B00DCECB1 /* ServiceCell.swift in Sources */ = {isa = PBXBuildFile; fileRef = 978729DD29D61B9B00DCECB1 /* ServiceCell.swift */; };
		978729E029D61E4C00DCECB1 /* ServiceLayer.swift in Sources */ = {isa = PBXBuildFile; fileRef = 978729DF29D61E4C00DCECB1 /* ServiceLayer.swift */; };
		978729E329D6370C00DCECB1 /* StatusService.swift in Sources */ = {isa = PBXBuildFile; fileRef = 978729E229D6370C00DCECB1 /* StatusService.swift */; };
		9790C7A829D212240051C8BD /* PlanConstructionSite.swift in Sources */ = {isa = PBXBuildFile; fileRef = 9790C7A529D212240051C8BD /* PlanConstructionSite.swift */; };
		9790C7B129D2199E0051C8BD /* LayeredMap.swift in Sources */ = {isa = PBXBuildFile; fileRef = 9790C7B029D2199E0051C8BD /* LayeredMap.swift */; };
		9790C7B529D2289F0051C8BD /* TileLayer.swift in Sources */ = {isa = PBXBuildFile; fileRef = 9790C7B429D2289F0051C8BD /* TileLayer.swift */; };
		9790C7B729D229D50051C8BD /* DuckieLayer.swift in Sources */ = {isa = PBXBuildFile; fileRef = 9790C7B629D229D50051C8BD /* DuckieLayer.swift */; };
		9790C7B929D22A650051C8BD /* DuckieCell.swift in Sources */ = {isa = PBXBuildFile; fileRef = 9790C7B829D22A650051C8BD /* DuckieCell.swift */; };
		9790F05029D6411B0051F9FE /* DetailsCellView.swift in Sources */ = {isa = PBXBuildFile; fileRef = 9790F04F29D6411B0051F9FE /* DetailsCellView.swift */; };
		9790F05229D7738E0051F9FE /* StatusLight.swift in Sources */ = {isa = PBXBuildFile; fileRef = 9790F05129D7738E0051F9FE /* StatusLight.swift */; };
		9790F05429D775270051F9FE /* TrafficLightMapView.swift in Sources */ = {isa = PBXBuildFile; fileRef = 9790F05329D775270051F9FE /* TrafficLightMapView.swift */; };
		9790F05729D776860051F9FE /* TrafficLightLayer.swift in Sources */ = {isa = PBXBuildFile; fileRef = 9790F05629D776860051F9FE /* TrafficLightLayer.swift */; };
		9790F05929D7768C0051F9FE /* TrafficLightCell.swift in Sources */ = {isa = PBXBuildFile; fileRef = 9790F05829D7768C0051F9FE /* TrafficLightCell.swift */; };
		9790F05D29D7885E0051F9FE /* ObstacleLayer.swift in Sources */ = {isa = PBXBuildFile; fileRef = 9790F05B29D7885E0051F9FE /* ObstacleLayer.swift */; };
		9790F05E29D7885E0051F9FE /* ObstacleCell.swift in Sources */ = {isa = PBXBuildFile; fileRef = 9790F05C29D7885E0051F9FE /* ObstacleCell.swift */; };
		9790F06029D796050051F9FE /* ObstacleMapView.swift in Sources */ = {isa = PBXBuildFile; fileRef = 9790F05F29D796050051F9FE /* ObstacleMapView.swift */; };
		97BEA10229D16E61006CA71A /* JASS_2023_Smart_CityApp.swift in Sources */ = {isa = PBXBuildFile; fileRef = 97BEA10129D16E61006CA71A /* JASS_2023_Smart_CityApp.swift */; };
		97BEA10429D16E61006CA71A /* ContentView.swift in Sources */ = {isa = PBXBuildFile; fileRef = 97BEA10329D16E61006CA71A /* ContentView.swift */; };
		97BEA10629D16E63006CA71A /* Assets.xcassets in Resources */ = {isa = PBXBuildFile; fileRef = 97BEA10529D16E63006CA71A /* Assets.xcassets */; };
		97BEA10929D16E63006CA71A /* Preview Assets.xcassets in Resources */ = {isa = PBXBuildFile; fileRef = 97BEA10829D16E63006CA71A /* Preview Assets.xcassets */; };
		97BEA11129D1755F006CA71A /* Yams in Frameworks */ = {isa = PBXBuildFile; productRef = 97BEA11029D1755F006CA71A /* Yams */; };
		97BEA11429D175E2006CA71A /* TileCell.swift in Sources */ = {isa = PBXBuildFile; fileRef = 97BEA11329D175E2006CA71A /* TileCell.swift */; };
		97BEA11729D1761E006CA71A /* Parser.swift in Sources */ = {isa = PBXBuildFile; fileRef = 97BEA11629D1761E006CA71A /* Parser.swift */; };
		B9F2F1BD29D7796900989254 /* StatusObstacle.swift in Sources */ = {isa = PBXBuildFile; fileRef = B9F2F1BC29D7796900989254 /* StatusObstacle.swift */; };
/* End PBXBuildFile section */

/* Begin PBXFileReference section */
		9752F02F29D17F80003DF523 /* TileRowView.swift */ = {isa = PBXFileReference; lastKnownFileType = sourcecode.swift; path = TileRowView.swift; sourceTree = "<group>"; };
		9752F03229D1869B003DF523 /* CityModel.swift */ = {isa = PBXFileReference; lastKnownFileType = sourcecode.swift; path = CityModel.swift; sourceTree = "<group>"; };
		9752F09D29D1890A003DF523 /* TileType.swift */ = {isa = PBXFileReference; lastKnownFileType = sourcecode.swift; path = TileType.swift; sourceTree = "<group>"; };
		9752F09F29D18A18003DF523 /* TestImagesView.swift */ = {isa = PBXFileReference; lastKnownFileType = sourcecode.swift; path = TestImagesView.swift; sourceTree = "<group>"; };
		9752F0A129D1B8ED003DF523 /* frames.yaml */ = {isa = PBXFileReference; fileEncoding = 4; lastKnownFileType = text.yaml; path = frames.yaml; sourceTree = "<group>"; };
		9752F0A229D1B8ED003DF523 /* tiles.yaml */ = {isa = PBXFileReference; fileEncoding = 4; lastKnownFileType = text.yaml; path = tiles.yaml; sourceTree = "<group>"; };
		9752F0A729D1C112003DF523 /* MapGridView.swift */ = {isa = PBXFileReference; lastKnownFileType = sourcecode.swift; path = MapGridView.swift; sourceTree = "<group>"; };
		9752F0A929D1C7F3003DF523 /* TileCellView.swift */ = {isa = PBXFileReference; lastKnownFileType = sourcecode.swift; path = TileCellView.swift; sourceTree = "<group>"; };
		9752F0AC29D1EC2F003DF523 /* TileListView.swift */ = {isa = PBXFileReference; lastKnownFileType = sourcecode.swift; path = TileListView.swift; sourceTree = "<group>"; };
		9778543329D311B3008EC773 /* LayeredMapCell.swift */ = {isa = PBXFileReference; lastKnownFileType = sourcecode.swift; path = LayeredMapCell.swift; sourceTree = "<group>"; };
		9778543529D35011008EC773 /* MQTT.swift */ = {isa = PBXFileReference; lastKnownFileType = sourcecode.swift; path = MQTT.swift; sourceTree = "<group>"; };
		9778543B29D36889008EC773 /* PlanService.swift */ = {isa = PBXFileReference; lastKnownFileType = sourcecode.swift; path = PlanService.swift; sourceTree = "<group>"; };
		978729BC29D38A5A00DCECB1 /* ConstructionCell.swift */ = {isa = PBXFileReference; fileEncoding = 4; lastKnownFileType = sourcecode.swift; path = ConstructionCell.swift; sourceTree = "<group>"; };
		978729BD29D38A5A00DCECB1 /* ConstructionLayer.swift */ = {isa = PBXFileReference; fileEncoding = 4; lastKnownFileType = sourcecode.swift; path = ConstructionLayer.swift; sourceTree = "<group>"; };
		978729C029D4307E00DCECB1 /* CityModel+Helpers.swift */ = {isa = PBXFileReference; lastKnownFileType = sourcecode.swift; path = "CityModel+Helpers.swift"; sourceTree = "<group>"; };
		978729C229D4326400DCECB1 /* StatusVehicle.swift */ = {isa = PBXFileReference; lastKnownFileType = sourcecode.swift; path = StatusVehicle.swift; sourceTree = "<group>"; };
		978729C429D4CB9200DCECB1 /* DuckieModel.swift */ = {isa = PBXFileReference; lastKnownFileType = sourcecode.swift; path = DuckieModel.swift; sourceTree = "<group>"; };
		978729C629D4D18400DCECB1 /* DuckieMapView.swift */ = {isa = PBXFileReference; lastKnownFileType = sourcecode.swift; path = DuckieMapView.swift; sourceTree = "<group>"; };
		978729C829D56BDB00DCECB1 /* StatusConstructionSite.swift */ = {isa = PBXFileReference; fileEncoding = 4; lastKnownFileType = sourcecode.swift; path = StatusConstructionSite.swift; sourceTree = "<group>"; };
		978729CA29D57EC500DCECB1 /* AddCellPopupView.swift */ = {isa = PBXFileReference; lastKnownFileType = sourcecode.swift; path = AddCellPopupView.swift; sourceTree = "<group>"; };
		978729CC29D5806300DCECB1 /* AddConstructionPopupView.swift */ = {isa = PBXFileReference; lastKnownFileType = sourcecode.swift; path = AddConstructionPopupView.swift; sourceTree = "<group>"; };
		978729CE29D580BC00DCECB1 /* AddServicePopupView.swift */ = {isa = PBXFileReference; lastKnownFileType = sourcecode.swift; path = AddServicePopupView.swift; sourceTree = "<group>"; };
		978729D029D5A94B00DCECB1 /* AddConstructionNextPopupView.swift */ = {isa = PBXFileReference; lastKnownFileType = sourcecode.swift; path = AddConstructionNextPopupView.swift; sourceTree = "<group>"; };
		978729D429D5C7EA00DCECB1 /* MapPresentationGridView.swift */ = {isa = PBXFileReference; lastKnownFileType = sourcecode.swift; path = MapPresentationGridView.swift; sourceTree = "<group>"; };
		978729D629D5C8E200DCECB1 /* DuckiePresentationMapView.swift */ = {isa = PBXFileReference; lastKnownFileType = sourcecode.swift; path = DuckiePresentationMapView.swift; sourceTree = "<group>"; };
		978729DD29D61B9B00DCECB1 /* ServiceCell.swift */ = {isa = PBXFileReference; lastKnownFileType = sourcecode.swift; path = ServiceCell.swift; sourceTree = "<group>"; };
		978729DF29D61E4C00DCECB1 /* ServiceLayer.swift */ = {isa = PBXFileReference; lastKnownFileType = sourcecode.swift; path = ServiceLayer.swift; sourceTree = "<group>"; };
		978729E229D6370C00DCECB1 /* StatusService.swift */ = {isa = PBXFileReference; lastKnownFileType = sourcecode.swift; path = StatusService.swift; sourceTree = "<group>"; };
		9790C7A529D212240051C8BD /* PlanConstructionSite.swift */ = {isa = PBXFileReference; fileEncoding = 4; lastKnownFileType = sourcecode.swift; path = PlanConstructionSite.swift; sourceTree = "<group>"; };
		9790C7B029D2199E0051C8BD /* LayeredMap.swift */ = {isa = PBXFileReference; lastKnownFileType = sourcecode.swift; path = LayeredMap.swift; sourceTree = "<group>"; };
		9790C7B429D2289F0051C8BD /* TileLayer.swift */ = {isa = PBXFileReference; lastKnownFileType = sourcecode.swift; path = TileLayer.swift; sourceTree = "<group>"; };
		9790C7B629D229D50051C8BD /* DuckieLayer.swift */ = {isa = PBXFileReference; lastKnownFileType = sourcecode.swift; path = DuckieLayer.swift; sourceTree = "<group>"; };
		9790C7B829D22A650051C8BD /* DuckieCell.swift */ = {isa = PBXFileReference; lastKnownFileType = sourcecode.swift; path = DuckieCell.swift; sourceTree = "<group>"; };
		9790F04F29D6411B0051F9FE /* DetailsCellView.swift */ = {isa = PBXFileReference; lastKnownFileType = sourcecode.swift; path = DetailsCellView.swift; sourceTree = "<group>"; };
		9790F05129D7738E0051F9FE /* StatusLight.swift */ = {isa = PBXFileReference; lastKnownFileType = sourcecode.swift; path = StatusLight.swift; sourceTree = "<group>"; };
		9790F05329D775270051F9FE /* TrafficLightMapView.swift */ = {isa = PBXFileReference; lastKnownFileType = sourcecode.swift; path = TrafficLightMapView.swift; sourceTree = "<group>"; };
		9790F05629D776860051F9FE /* TrafficLightLayer.swift */ = {isa = PBXFileReference; lastKnownFileType = sourcecode.swift; path = TrafficLightLayer.swift; sourceTree = "<group>"; };
		9790F05829D7768C0051F9FE /* TrafficLightCell.swift */ = {isa = PBXFileReference; lastKnownFileType = sourcecode.swift; path = TrafficLightCell.swift; sourceTree = "<group>"; };
		9790F05B29D7885E0051F9FE /* ObstacleLayer.swift */ = {isa = PBXFileReference; fileEncoding = 4; lastKnownFileType = sourcecode.swift; path = ObstacleLayer.swift; sourceTree = "<group>"; };
		9790F05C29D7885E0051F9FE /* ObstacleCell.swift */ = {isa = PBXFileReference; fileEncoding = 4; lastKnownFileType = sourcecode.swift; path = ObstacleCell.swift; sourceTree = "<group>"; };
		9790F05F29D796050051F9FE /* ObstacleMapView.swift */ = {isa = PBXFileReference; lastKnownFileType = sourcecode.swift; path = ObstacleMapView.swift; sourceTree = "<group>"; };
		97BEA0FE29D16E61006CA71A /* JASS 2023 Smart City.app */ = {isa = PBXFileReference; explicitFileType = wrapper.application; includeInIndex = 0; path = "JASS 2023 Smart City.app"; sourceTree = BUILT_PRODUCTS_DIR; };
		97BEA10129D16E61006CA71A /* JASS_2023_Smart_CityApp.swift */ = {isa = PBXFileReference; lastKnownFileType = sourcecode.swift; path = JASS_2023_Smart_CityApp.swift; sourceTree = "<group>"; };
		97BEA10329D16E61006CA71A /* ContentView.swift */ = {isa = PBXFileReference; lastKnownFileType = sourcecode.swift; path = ContentView.swift; sourceTree = "<group>"; };
		97BEA10529D16E63006CA71A /* Assets.xcassets */ = {isa = PBXFileReference; lastKnownFileType = folder.assetcatalog; path = Assets.xcassets; sourceTree = "<group>"; };
		97BEA10829D16E63006CA71A /* Preview Assets.xcassets */ = {isa = PBXFileReference; lastKnownFileType = folder.assetcatalog; path = "Preview Assets.xcassets"; sourceTree = "<group>"; };
		97BEA11329D175E2006CA71A /* TileCell.swift */ = {isa = PBXFileReference; lastKnownFileType = sourcecode.swift; path = TileCell.swift; sourceTree = "<group>"; };
		97BEA11629D1761E006CA71A /* Parser.swift */ = {isa = PBXFileReference; lastKnownFileType = sourcecode.swift; path = Parser.swift; sourceTree = "<group>"; };
		B9F2F1BC29D7796900989254 /* StatusObstacle.swift */ = {isa = PBXFileReference; fileEncoding = 4; lastKnownFileType = sourcecode.swift; path = StatusObstacle.swift; sourceTree = "<group>"; };
/* End PBXFileReference section */

/* Begin PBXFrameworksBuildPhase section */
		97BEA0FB29D16E61006CA71A /* Frameworks */ = {
			isa = PBXFrameworksBuildPhase;
			buildActionMask = 2147483647;
			files = (
				9778543929D350C0008EC773 /* MQTTNIO in Frameworks */,
				97BEA11129D1755F006CA71A /* Yams in Frameworks */,
			);
			runOnlyForDeploymentPostprocessing = 0;
		};
/* End PBXFrameworksBuildPhase section */

/* Begin PBXGroup section */
		2419276E29D374FC0072F411 /* ConstructionLayer */ = {
			isa = PBXGroup;
			children = (
				978729BC29D38A5A00DCECB1 /* ConstructionCell.swift */,
				978729BD29D38A5A00DCECB1 /* ConstructionLayer.swift */,
			);
			path = ConstructionLayer;
			sourceTree = "<group>";
		};
		9752F02E29D17F62003DF523 /* MapComponent */ = {
			isa = PBXGroup;
			children = (
				9752F0A629D1BC17003DF523 /* Model */,
				97BEA11229D1756B006CA71A /* Parser */,
				9752F0A529D1BBF1003DF523 /* Views */,
			);
			path = MapComponent;
			sourceTree = "<group>";
		};
		9752F03129D18688003DF523 /* Model */ = {
			isa = PBXGroup;
			children = (
				9752F03229D1869B003DF523 /* CityModel.swift */,
				978729C029D4307E00DCECB1 /* CityModel+Helpers.swift */,
				978729C429D4CB9200DCECB1 /* DuckieModel.swift */,
			);
			path = Model;
			sourceTree = "<group>";
		};
		9752F0A529D1BBF1003DF523 /* Views */ = {
			isa = PBXGroup;
			children = (
				9790C7AF29D217C30051C8BD /* TestTileImages */,
				9790C7AC29D2135E0051C8BD /* Map */,
				9752F0AB29D1EC16003DF523 /* TileList */,
			);
			path = Views;
			sourceTree = "<group>";
		};
		9752F0A629D1BC17003DF523 /* Model */ = {
			isa = PBXGroup;
			children = (
				9790F05A29D7885E0051F9FE /* ObstacleLayer */,
				9790F05529D776690051F9FE /* TrafficLightLayer */,
				978729DC29D61B7E00DCECB1 /* ServiceLayer */,
				2419276E29D374FC0072F411 /* ConstructionLayer */,
				9790C7B229D227FC0051C8BD /* TileLayer */,
				9790C7B329D228810051C8BD /* DuckieLayer */,
				9790C7B029D2199E0051C8BD /* LayeredMap.swift */,
				9778543329D311B3008EC773 /* LayeredMapCell.swift */,
			);
			path = Model;
			sourceTree = "<group>";
		};
		9752F0AB29D1EC16003DF523 /* TileList */ = {
			isa = PBXGroup;
			children = (
				9752F02F29D17F80003DF523 /* TileRowView.swift */,
				9752F0AC29D1EC2F003DF523 /* TileListView.swift */,
			);
			path = TileList;
			sourceTree = "<group>";
		};
		9778543A29D36795008EC773 /* Data */ = {
			isa = PBXGroup;
			children = (
				B9F2F1BC29D7796900989254 /* StatusObstacle.swift */,
				9790C7A529D212240051C8BD /* PlanConstructionSite.swift */,
				978729C829D56BDB00DCECB1 /* StatusConstructionSite.swift */,
				9778543B29D36889008EC773 /* PlanService.swift */,
				978729E229D6370C00DCECB1 /* StatusService.swift */,
				978729C229D4326400DCECB1 /* StatusVehicle.swift */,
				9790F05129D7738E0051F9FE /* StatusLight.swift */,
			);
			path = Data;
			sourceTree = "<group>";
		};
		978729D229D5C7C400DCECB1 /* MapGridView */ = {
			isa = PBXGroup;
			children = (
				9752F0A729D1C112003DF523 /* MapGridView.swift */,
				978729C629D4D18400DCECB1 /* DuckieMapView.swift */,
				9752F0A929D1C7F3003DF523 /* TileCellView.swift */,
				9790F05329D775270051F9FE /* TrafficLightMapView.swift */,
				9790F05F29D796050051F9FE /* ObstacleMapView.swift */,
				978729CA29D57EC500DCECB1 /* AddCellPopupView.swift */,
				978729DA29D611D700DCECB1 /* ConstructionPopup */,
				978729DB29D611E800DCECB1 /* ServicePopup */,
			);
			path = MapGridView;
			sourceTree = "<group>";
		};
		978729D329D5C7E000DCECB1 /* MapPresentationGridView */ = {
			isa = PBXGroup;
			children = (
				978729D429D5C7EA00DCECB1 /* MapPresentationGridView.swift */,
				978729D629D5C8E200DCECB1 /* DuckiePresentationMapView.swift */,
			);
			path = MapPresentationGridView;
			sourceTree = "<group>";
		};
		978729DA29D611D700DCECB1 /* ConstructionPopup */ = {
			isa = PBXGroup;
			children = (
				9790F04E29D641020051F9FE /* DetailsCellView */,
				978729CC29D5806300DCECB1 /* AddConstructionPopupView.swift */,
				978729D029D5A94B00DCECB1 /* AddConstructionNextPopupView.swift */,
			);
			path = ConstructionPopup;
			sourceTree = "<group>";
		};
		978729DB29D611E800DCECB1 /* ServicePopup */ = {
			isa = PBXGroup;
			children = (
				978729CE29D580BC00DCECB1 /* AddServicePopupView.swift */,
			);
			path = ServicePopup;
			sourceTree = "<group>";
		};
		978729DC29D61B7E00DCECB1 /* ServiceLayer */ = {
			isa = PBXGroup;
			children = (
				978729DD29D61B9B00DCECB1 /* ServiceCell.swift */,
				978729DF29D61E4C00DCECB1 /* ServiceLayer.swift */,
			);
			path = ServiceLayer;
			sourceTree = "<group>";
		};
		9790C7A229D212240051C8BD /* Interfaces */ = {
			isa = PBXGroup;
			children = (
				9778543A29D36795008EC773 /* Data */,
				9778543529D35011008EC773 /* MQTT.swift */,
			);
			path = Interfaces;
			sourceTree = "<group>";
		};
		9790C7AC29D2135E0051C8BD /* Map */ = {
			isa = PBXGroup;
			children = (
				978729D329D5C7E000DCECB1 /* MapPresentationGridView */,
				978729D229D5C7C400DCECB1 /* MapGridView */,
			);
			path = Map;
			sourceTree = "<group>";
		};
		9790C7AF29D217C30051C8BD /* TestTileImages */ = {
			isa = PBXGroup;
			children = (
				9752F09F29D18A18003DF523 /* TestImagesView.swift */,
			);
			path = TestTileImages;
			sourceTree = "<group>";
		};
		9790C7B229D227FC0051C8BD /* TileLayer */ = {
			isa = PBXGroup;
			children = (
				9790C7B429D2289F0051C8BD /* TileLayer.swift */,
				97BEA11329D175E2006CA71A /* TileCell.swift */,
				9752F09D29D1890A003DF523 /* TileType.swift */,
			);
			path = TileLayer;
			sourceTree = "<group>";
		};
		9790C7B329D228810051C8BD /* DuckieLayer */ = {
			isa = PBXGroup;
			children = (
				9790C7B629D229D50051C8BD /* DuckieLayer.swift */,
				9790C7B829D22A650051C8BD /* DuckieCell.swift */,
			);
			path = DuckieLayer;
			sourceTree = "<group>";
		};
		9790F04E29D641020051F9FE /* DetailsCellView */ = {
			isa = PBXGroup;
			children = (
				9790F04F29D6411B0051F9FE /* DetailsCellView.swift */,
			);
			path = DetailsCellView;
			sourceTree = "<group>";
		};
		9790F05529D776690051F9FE /* TrafficLightLayer */ = {
			isa = PBXGroup;
			children = (
				9790F05629D776860051F9FE /* TrafficLightLayer.swift */,
				9790F05829D7768C0051F9FE /* TrafficLightCell.swift */,
			);
			path = TrafficLightLayer;
			sourceTree = "<group>";
		};
		9790F05A29D7885E0051F9FE /* ObstacleLayer */ = {
			isa = PBXGroup;
			children = (
				9790F05B29D7885E0051F9FE /* ObstacleLayer.swift */,
				9790F05C29D7885E0051F9FE /* ObstacleCell.swift */,
			);
			path = ObstacleLayer;
			sourceTree = "<group>";
		};
		97BEA0F529D16E61006CA71A = {
			isa = PBXGroup;
			children = (
				97BEA10029D16E61006CA71A /* JASS 2023 Smart City */,
				97BEA0FF29D16E61006CA71A /* Products */,
			);
			sourceTree = "<group>";
		};
		97BEA0FF29D16E61006CA71A /* Products */ = {
			isa = PBXGroup;
			children = (
				97BEA0FE29D16E61006CA71A /* JASS 2023 Smart City.app */,
			);
			name = Products;
			sourceTree = "<group>";
		};
		97BEA10029D16E61006CA71A /* JASS 2023 Smart City */ = {
			isa = PBXGroup;
			children = (
				9752F03129D18688003DF523 /* Model */,
				9790C7A229D212240051C8BD /* Interfaces */,
				9752F02E29D17F62003DF523 /* MapComponent */,
				97BEA10129D16E61006CA71A /* JASS_2023_Smart_CityApp.swift */,
				97BEA10329D16E61006CA71A /* ContentView.swift */,
				97BEA10529D16E63006CA71A /* Assets.xcassets */,
				9752F0A129D1B8ED003DF523 /* frames.yaml */,
				9752F0A229D1B8ED003DF523 /* tiles.yaml */,
				97BEA10729D16E63006CA71A /* Preview Content */,
			);
			path = "JASS 2023 Smart City";
			sourceTree = "<group>";
		};
		97BEA10729D16E63006CA71A /* Preview Content */ = {
			isa = PBXGroup;
			children = (
				97BEA10829D16E63006CA71A /* Preview Assets.xcassets */,
			);
			path = "Preview Content";
			sourceTree = "<group>";
		};
		97BEA11229D1756B006CA71A /* Parser */ = {
			isa = PBXGroup;
			children = (
				97BEA11629D1761E006CA71A /* Parser.swift */,
			);
			path = Parser;
			sourceTree = "<group>";
		};
/* End PBXGroup section */

/* Begin PBXNativeTarget section */
		97BEA0FD29D16E61006CA71A /* JASS 2023 Smart City */ = {
			isa = PBXNativeTarget;
			buildConfigurationList = 97BEA10C29D16E63006CA71A /* Build configuration list for PBXNativeTarget "JASS 2023 Smart City" */;
			buildPhases = (
				97BEA0FA29D16E61006CA71A /* Sources */,
				97BEA0FB29D16E61006CA71A /* Frameworks */,
				97BEA0FC29D16E61006CA71A /* Resources */,
			);
			buildRules = (
			);
			dependencies = (
			);
			name = "JASS 2023 Smart City";
			packageProductDependencies = (
				97BEA11029D1755F006CA71A /* Yams */,
				9778543829D350C0008EC773 /* MQTTNIO */,
			);
			productName = "JASS 2023 Smart City";
			productReference = 97BEA0FE29D16E61006CA71A /* JASS 2023 Smart City.app */;
			productType = "com.apple.product-type.application";
		};
/* End PBXNativeTarget section */

/* Begin PBXProject section */
		97BEA0F629D16E61006CA71A /* Project object */ = {
			isa = PBXProject;
			attributes = {
				BuildIndependentTargetsInParallel = 1;
				LastSwiftUpdateCheck = 1420;
				LastUpgradeCheck = 1420;
				TargetAttributes = {
					97BEA0FD29D16E61006CA71A = {
						CreatedOnToolsVersion = 14.2;
					};
				};
			};
			buildConfigurationList = 97BEA0F929D16E61006CA71A /* Build configuration list for PBXProject "JASS 2023 Smart City" */;
			compatibilityVersion = "Xcode 14.0";
			developmentRegion = en;
			hasScannedForEncodings = 0;
			knownRegions = (
				en,
				Base,
			);
			mainGroup = 97BEA0F529D16E61006CA71A;
			packageReferences = (
				97BEA10F29D1755F006CA71A /* XCRemoteSwiftPackageReference "Yams" */,
				9790C7A929D213130051C8BD /* XCRemoteSwiftPackageReference "Starscream" */,
				9778543729D350C0008EC773 /* XCRemoteSwiftPackageReference "mqtt-nio" */,
			);
			productRefGroup = 97BEA0FF29D16E61006CA71A /* Products */;
			projectDirPath = "";
			projectRoot = "";
			targets = (
				97BEA0FD29D16E61006CA71A /* JASS 2023 Smart City */,
			);
		};
/* End PBXProject section */

/* Begin PBXResourcesBuildPhase section */
		97BEA0FC29D16E61006CA71A /* Resources */ = {
			isa = PBXResourcesBuildPhase;
			buildActionMask = 2147483647;
			files = (
				9752F0A429D1B8ED003DF523 /* tiles.yaml in Resources */,
				9752F0A329D1B8ED003DF523 /* frames.yaml in Resources */,
				97BEA10929D16E63006CA71A /* Preview Assets.xcassets in Resources */,
				97BEA10629D16E63006CA71A /* Assets.xcassets in Resources */,
			);
			runOnlyForDeploymentPostprocessing = 0;
		};
/* End PBXResourcesBuildPhase section */

/* Begin PBXSourcesBuildPhase section */
		97BEA0FA29D16E61006CA71A /* Sources */ = {
			isa = PBXSourcesBuildPhase;
			buildActionMask = 2147483647;
			files = (
				978729CB29D57EC500DCECB1 /* AddCellPopupView.swift in Sources */,
				9790C7B729D229D50051C8BD /* DuckieLayer.swift in Sources */,
				9790C7B929D22A650051C8BD /* DuckieCell.swift in Sources */,
				978729E029D61E4C00DCECB1 /* ServiceLayer.swift in Sources */,
				978729BF29D38A5A00DCECB1 /* ConstructionLayer.swift in Sources */,
				9790F05229D7738E0051F9FE /* StatusLight.swift in Sources */,
				978729D729D5C8E200DCECB1 /* DuckiePresentationMapView.swift in Sources */,
				9790F05729D776860051F9FE /* TrafficLightLayer.swift in Sources */,
				9790F05929D7768C0051F9FE /* TrafficLightCell.swift in Sources */,
				978729CD29D5806300DCECB1 /* AddConstructionPopupView.swift in Sources */,
				978729DE29D61B9B00DCECB1 /* ServiceCell.swift in Sources */,
				9790F05E29D7885E0051F9FE /* ObstacleCell.swift in Sources */,
				978729C929D56BDB00DCECB1 /* StatusConstructionSite.swift in Sources */,
				9790F05029D6411B0051F9FE /* DetailsCellView.swift in Sources */,
				9752F03029D17F80003DF523 /* TileRowView.swift in Sources */,
				B9F2F1BD29D7796900989254 /* StatusObstacle.swift in Sources */,
				97BEA11729D1761E006CA71A /* Parser.swift in Sources */,
				9752F09E29D1890A003DF523 /* TileType.swift in Sources */,
				9752F0A829D1C112003DF523 /* MapGridView.swift in Sources */,
				9778543629D35011008EC773 /* MQTT.swift in Sources */,
				9790F05D29D7885E0051F9FE /* ObstacleLayer.swift in Sources */,
				9752F0AA29D1C7F3003DF523 /* TileCellView.swift in Sources */,
				9778543C29D36889008EC773 /* PlanService.swift in Sources */,
				9790C7B529D2289F0051C8BD /* TileLayer.swift in Sources */,
				9752F0A029D18A18003DF523 /* TestImagesView.swift in Sources */,
				978729E329D6370C00DCECB1 /* StatusService.swift in Sources */,
				9790F06029D796050051F9FE /* ObstacleMapView.swift in Sources */,
				978729C129D4307E00DCECB1 /* CityModel+Helpers.swift in Sources */,
				9778543429D311B3008EC773 /* LayeredMapCell.swift in Sources */,
				97BEA11429D175E2006CA71A /* TileCell.swift in Sources */,
				978729BE29D38A5A00DCECB1 /* ConstructionCell.swift in Sources */,
				978729CF29D580BC00DCECB1 /* AddServicePopupView.swift in Sources */,
				97BEA10429D16E61006CA71A /* ContentView.swift in Sources */,
				978729C729D4D18400DCECB1 /* DuckieMapView.swift in Sources */,
				9790F05429D775270051F9FE /* TrafficLightMapView.swift in Sources */,
				978729C329D4326400DCECB1 /* StatusVehicle.swift in Sources */,
				978729C529D4CB9200DCECB1 /* DuckieModel.swift in Sources */,
				9752F0AD29D1EC2F003DF523 /* TileListView.swift in Sources */,
				9790C7A829D212240051C8BD /* PlanConstructionSite.swift in Sources */,
				97BEA10229D16E61006CA71A /* JASS_2023_Smart_CityApp.swift in Sources */,
				9752F03329D1869B003DF523 /* CityModel.swift in Sources */,
				9790C7B129D2199E0051C8BD /* LayeredMap.swift in Sources */,
				978729D529D5C7EA00DCECB1 /* MapPresentationGridView.swift in Sources */,
				978729D129D5A94B00DCECB1 /* AddConstructionNextPopupView.swift in Sources */,
			);
			runOnlyForDeploymentPostprocessing = 0;
		};
/* End PBXSourcesBuildPhase section */

/* Begin XCBuildConfiguration section */
		97BEA10A29D16E63006CA71A /* Debug */ = {
			isa = XCBuildConfiguration;
			buildSettings = {
				ALWAYS_SEARCH_USER_PATHS = NO;
				CLANG_ANALYZER_NONNULL = YES;
				CLANG_ANALYZER_NUMBER_OBJECT_CONVERSION = YES_AGGRESSIVE;
				CLANG_CXX_LANGUAGE_STANDARD = "gnu++20";
				CLANG_ENABLE_MODULES = YES;
				CLANG_ENABLE_OBJC_ARC = YES;
				CLANG_ENABLE_OBJC_WEAK = YES;
				CLANG_WARN_BLOCK_CAPTURE_AUTORELEASING = YES;
				CLANG_WARN_BOOL_CONVERSION = YES;
				CLANG_WARN_COMMA = YES;
				CLANG_WARN_CONSTANT_CONVERSION = YES;
				CLANG_WARN_DEPRECATED_OBJC_IMPLEMENTATIONS = YES;
				CLANG_WARN_DIRECT_OBJC_ISA_USAGE = YES_ERROR;
				CLANG_WARN_DOCUMENTATION_COMMENTS = YES;
				CLANG_WARN_EMPTY_BODY = YES;
				CLANG_WARN_ENUM_CONVERSION = YES;
				CLANG_WARN_INFINITE_RECURSION = YES;
				CLANG_WARN_INT_CONVERSION = YES;
				CLANG_WARN_NON_LITERAL_NULL_CONVERSION = YES;
				CLANG_WARN_OBJC_IMPLICIT_RETAIN_SELF = YES;
				CLANG_WARN_OBJC_LITERAL_CONVERSION = YES;
				CLANG_WARN_OBJC_ROOT_CLASS = YES_ERROR;
				CLANG_WARN_QUOTED_INCLUDE_IN_FRAMEWORK_HEADER = YES;
				CLANG_WARN_RANGE_LOOP_ANALYSIS = YES;
				CLANG_WARN_STRICT_PROTOTYPES = YES;
				CLANG_WARN_SUSPICIOUS_MOVE = YES;
				CLANG_WARN_UNGUARDED_AVAILABILITY = YES_AGGRESSIVE;
				CLANG_WARN_UNREACHABLE_CODE = YES;
				CLANG_WARN__DUPLICATE_METHOD_MATCH = YES;
				COPY_PHASE_STRIP = NO;
				DEBUG_INFORMATION_FORMAT = dwarf;
				ENABLE_STRICT_OBJC_MSGSEND = YES;
				ENABLE_TESTABILITY = YES;
				GCC_C_LANGUAGE_STANDARD = gnu11;
				GCC_DYNAMIC_NO_PIC = NO;
				GCC_NO_COMMON_BLOCKS = YES;
				GCC_OPTIMIZATION_LEVEL = 0;
				GCC_PREPROCESSOR_DEFINITIONS = (
					"DEBUG=1",
					"$(inherited)",
				);
				GCC_WARN_64_TO_32_BIT_CONVERSION = YES;
				GCC_WARN_ABOUT_RETURN_TYPE = YES_ERROR;
				GCC_WARN_UNDECLARED_SELECTOR = YES;
				GCC_WARN_UNINITIALIZED_AUTOS = YES_AGGRESSIVE;
				GCC_WARN_UNUSED_FUNCTION = YES;
				GCC_WARN_UNUSED_VARIABLE = YES;
				IPHONEOS_DEPLOYMENT_TARGET = 16.2;
				MTL_ENABLE_DEBUG_INFO = INCLUDE_SOURCE;
				MTL_FAST_MATH = YES;
				ONLY_ACTIVE_ARCH = YES;
				SDKROOT = iphoneos;
				SWIFT_ACTIVE_COMPILATION_CONDITIONS = DEBUG;
				SWIFT_OPTIMIZATION_LEVEL = "-Onone";
			};
			name = Debug;
		};
		97BEA10B29D16E63006CA71A /* Release */ = {
			isa = XCBuildConfiguration;
			buildSettings = {
				ALWAYS_SEARCH_USER_PATHS = NO;
				CLANG_ANALYZER_NONNULL = YES;
				CLANG_ANALYZER_NUMBER_OBJECT_CONVERSION = YES_AGGRESSIVE;
				CLANG_CXX_LANGUAGE_STANDARD = "gnu++20";
				CLANG_ENABLE_MODULES = YES;
				CLANG_ENABLE_OBJC_ARC = YES;
				CLANG_ENABLE_OBJC_WEAK = YES;
				CLANG_WARN_BLOCK_CAPTURE_AUTORELEASING = YES;
				CLANG_WARN_BOOL_CONVERSION = YES;
				CLANG_WARN_COMMA = YES;
				CLANG_WARN_CONSTANT_CONVERSION = YES;
				CLANG_WARN_DEPRECATED_OBJC_IMPLEMENTATIONS = YES;
				CLANG_WARN_DIRECT_OBJC_ISA_USAGE = YES_ERROR;
				CLANG_WARN_DOCUMENTATION_COMMENTS = YES;
				CLANG_WARN_EMPTY_BODY = YES;
				CLANG_WARN_ENUM_CONVERSION = YES;
				CLANG_WARN_INFINITE_RECURSION = YES;
				CLANG_WARN_INT_CONVERSION = YES;
				CLANG_WARN_NON_LITERAL_NULL_CONVERSION = YES;
				CLANG_WARN_OBJC_IMPLICIT_RETAIN_SELF = YES;
				CLANG_WARN_OBJC_LITERAL_CONVERSION = YES;
				CLANG_WARN_OBJC_ROOT_CLASS = YES_ERROR;
				CLANG_WARN_QUOTED_INCLUDE_IN_FRAMEWORK_HEADER = YES;
				CLANG_WARN_RANGE_LOOP_ANALYSIS = YES;
				CLANG_WARN_STRICT_PROTOTYPES = YES;
				CLANG_WARN_SUSPICIOUS_MOVE = YES;
				CLANG_WARN_UNGUARDED_AVAILABILITY = YES_AGGRESSIVE;
				CLANG_WARN_UNREACHABLE_CODE = YES;
				CLANG_WARN__DUPLICATE_METHOD_MATCH = YES;
				COPY_PHASE_STRIP = NO;
				DEBUG_INFORMATION_FORMAT = "dwarf-with-dsym";
				ENABLE_NS_ASSERTIONS = NO;
				ENABLE_STRICT_OBJC_MSGSEND = YES;
				GCC_C_LANGUAGE_STANDARD = gnu11;
				GCC_NO_COMMON_BLOCKS = YES;
				GCC_WARN_64_TO_32_BIT_CONVERSION = YES;
				GCC_WARN_ABOUT_RETURN_TYPE = YES_ERROR;
				GCC_WARN_UNDECLARED_SELECTOR = YES;
				GCC_WARN_UNINITIALIZED_AUTOS = YES_AGGRESSIVE;
				GCC_WARN_UNUSED_FUNCTION = YES;
				GCC_WARN_UNUSED_VARIABLE = YES;
				IPHONEOS_DEPLOYMENT_TARGET = 16.2;
				MTL_ENABLE_DEBUG_INFO = NO;
				MTL_FAST_MATH = YES;
				SDKROOT = iphoneos;
				SWIFT_COMPILATION_MODE = wholemodule;
				SWIFT_OPTIMIZATION_LEVEL = "-O";
				VALIDATE_PRODUCT = YES;
			};
			name = Release;
		};
		97BEA10D29D16E63006CA71A /* Debug */ = {
			isa = XCBuildConfiguration;
			buildSettings = {
				ASSETCATALOG_COMPILER_APPICON_NAME = AppIcon;
				ASSETCATALOG_COMPILER_GLOBAL_ACCENT_COLOR_NAME = AccentColor;
				CODE_SIGN_STYLE = Automatic;
				CURRENT_PROJECT_VERSION = 1;
				DEVELOPMENT_ASSET_PATHS = "\"JASS 2023 Smart City/Preview Content\"";
				DEVELOPMENT_TEAM = WL9Z9UXPKF;
				ENABLE_PREVIEWS = YES;
				GENERATE_INFOPLIST_FILE = YES;
				INFOPLIST_KEY_UIApplicationSceneManifest_Generation = YES;
				INFOPLIST_KEY_UIApplicationSupportsIndirectInputEvents = YES;
				INFOPLIST_KEY_UILaunchScreen_Generation = YES;
				INFOPLIST_KEY_UISupportedInterfaceOrientations_iPad = "UIInterfaceOrientationPortrait UIInterfaceOrientationPortraitUpsideDown UIInterfaceOrientationLandscapeLeft UIInterfaceOrientationLandscapeRight";
				INFOPLIST_KEY_UISupportedInterfaceOrientations_iPhone = "UIInterfaceOrientationPortrait UIInterfaceOrientationLandscapeLeft UIInterfaceOrientationLandscapeRight";
				LD_RUNPATH_SEARCH_PATHS = (
					"$(inherited)",
					"@executable_path/Frameworks",
				);
				MARKETING_VERSION = 1.0;
				PRODUCT_BUNDLE_IDENTIFIER = "dev.zagar.JASS-2023-Smart-City";
				PRODUCT_NAME = "$(TARGET_NAME)";
				SWIFT_EMIT_LOC_STRINGS = YES;
				SWIFT_VERSION = 5.0;
				TARGETED_DEVICE_FAMILY = "1,2";
			};
			name = Debug;
		};
		97BEA10E29D16E63006CA71A /* Release */ = {
			isa = XCBuildConfiguration;
			buildSettings = {
				ASSETCATALOG_COMPILER_APPICON_NAME = AppIcon;
				ASSETCATALOG_COMPILER_GLOBAL_ACCENT_COLOR_NAME = AccentColor;
				CODE_SIGN_STYLE = Automatic;
				CURRENT_PROJECT_VERSION = 1;
				DEVELOPMENT_ASSET_PATHS = "\"JASS 2023 Smart City/Preview Content\"";
				DEVELOPMENT_TEAM = WL9Z9UXPKF;
				ENABLE_PREVIEWS = YES;
				GENERATE_INFOPLIST_FILE = YES;
				INFOPLIST_KEY_UIApplicationSceneManifest_Generation = YES;
				INFOPLIST_KEY_UIApplicationSupportsIndirectInputEvents = YES;
				INFOPLIST_KEY_UILaunchScreen_Generation = YES;
				INFOPLIST_KEY_UISupportedInterfaceOrientations_iPad = "UIInterfaceOrientationPortrait UIInterfaceOrientationPortraitUpsideDown UIInterfaceOrientationLandscapeLeft UIInterfaceOrientationLandscapeRight";
				INFOPLIST_KEY_UISupportedInterfaceOrientations_iPhone = "UIInterfaceOrientationPortrait UIInterfaceOrientationLandscapeLeft UIInterfaceOrientationLandscapeRight";
				LD_RUNPATH_SEARCH_PATHS = (
					"$(inherited)",
					"@executable_path/Frameworks",
				);
				MARKETING_VERSION = 1.0;
				PRODUCT_BUNDLE_IDENTIFIER = "dev.zagar.JASS-2023-Smart-City";
				PRODUCT_NAME = "$(TARGET_NAME)";
				SWIFT_EMIT_LOC_STRINGS = YES;
				SWIFT_VERSION = 5.0;
				TARGETED_DEVICE_FAMILY = "1,2";
			};
			name = Release;
		};
/* End XCBuildConfiguration section */

/* Begin XCConfigurationList section */
		97BEA0F929D16E61006CA71A /* Build configuration list for PBXProject "JASS 2023 Smart City" */ = {
			isa = XCConfigurationList;
			buildConfigurations = (
				97BEA10A29D16E63006CA71A /* Debug */,
				97BEA10B29D16E63006CA71A /* Release */,
			);
			defaultConfigurationIsVisible = 0;
			defaultConfigurationName = Release;
		};
		97BEA10C29D16E63006CA71A /* Build configuration list for PBXNativeTarget "JASS 2023 Smart City" */ = {
			isa = XCConfigurationList;
			buildConfigurations = (
				97BEA10D29D16E63006CA71A /* Debug */,
				97BEA10E29D16E63006CA71A /* Release */,
			);
			defaultConfigurationIsVisible = 0;
			defaultConfigurationName = Release;
		};
/* End XCConfigurationList section */

/* Begin XCRemoteSwiftPackageReference section */
		9778543729D350C0008EC773 /* XCRemoteSwiftPackageReference "mqtt-nio" */ = {
			isa = XCRemoteSwiftPackageReference;
			repositoryURL = "https://github.com/swift-server-community/mqtt-nio";
			requirement = {
				kind = upToNextMajorVersion;
				minimumVersion = 2.0.0;
			};
		};
		9790C7A929D213130051C8BD /* XCRemoteSwiftPackageReference "Starscream" */ = {
			isa = XCRemoteSwiftPackageReference;
			repositoryURL = "https://github.com/daltoniam/Starscream";
			requirement = {
				kind = upToNextMajorVersion;
				minimumVersion = 4.0.0;
			};
		};
		97BEA10F29D1755F006CA71A /* XCRemoteSwiftPackageReference "Yams" */ = {
			isa = XCRemoteSwiftPackageReference;
			repositoryURL = "https://github.com/jpsim/Yams.git";
			requirement = {
				kind = upToNextMajorVersion;
				minimumVersion = 5.0.0;
			};
		};
/* End XCRemoteSwiftPackageReference section */

/* Begin XCSwiftPackageProductDependency section */
		9778543829D350C0008EC773 /* MQTTNIO */ = {
			isa = XCSwiftPackageProductDependency;
			package = 9778543729D350C0008EC773 /* XCRemoteSwiftPackageReference "mqtt-nio" */;
			productName = MQTTNIO;
		};
		97BEA11029D1755F006CA71A /* Yams */ = {
			isa = XCSwiftPackageProductDependency;
			package = 97BEA10F29D1755F006CA71A /* XCRemoteSwiftPackageReference "Yams" */;
			productName = Yams;
		};
/* End XCSwiftPackageProductDependency section */
	};
	rootObject = 97BEA0F629D16E61006CA71A /* Project object */;
}
